
Microsoft Visual Studio Solution File, Format Version 12.00
# Visual Studio Version 16
VisualStudioVersion = 16.0.31729.503
MinimumVisualStudioVersion = 10.0.40219.1
Project("{FAE04EC0-301F-11D3-BF4B-00C04F79EFBC}") = "EmpireMan.App", "EmpireMan.App\EmpireMan.App.csproj", "{EA06CCF9-6C99-4B69-81C5-9DCE57D7024F}"
EndProject
Project("{FAE04EC0-301F-11D3-BF4B-00C04F79EFBC}") = "EmpireMan.Business", "EmpireMan.Business\EmpireMan.Business.csproj", "{7287D3D3-70A6-4CBF-A6F7-540738910478}"
EndProject
Project("{FAE04EC0-301F-11D3-BF4B-00C04F79EFBC}") = "EmpireMan.Data", "EmpireMan.Data\EmpireMan.Data.csproj", "{7C99EDA9-614D-4535-BA19-EAC69446DF24}"
EndProject
Global
	GlobalSection(SolutionConfigurationPlatforms) = preSolution
		Debug|Any CPU = Debug|Any CPU
		Release|Any CPU = Release|Any CPU
	EndGlobalSection
	GlobalSection(ProjectConfigurationPlatforms) = postSolution
		{EA06CCF9-6C99-4B69-81C5-9DCE57D7024F}.Debug|Any CPU.ActiveCfg = Debug|Any CPU
		{EA06CCF9-6C99-4B69-81C5-9DCE57D7024F}.Debug|Any CPU.Build.0 = Debug|Any CPU
		{EA06CCF9-6C99-4B69-81C5-9DCE57D7024F}.Release|Any CPU.ActiveCfg = Release|Any CPU
		{EA06CCF9-6C99-4B69-81C5-9DCE57D7024F}.Release|Any CPU.Build.0 = Release|Any CPU
		{7287D3D3-70A6-4CBF-A6F7-540738910478}.Debug|Any CPU.ActiveCfg = Debug|Any CPU
		{7287D3D3-70A6-4CBF-A6F7-540738910478}.Debug|Any CPU.Build.0 = Debug|Any CPU
		{7287D3D3-70A6-4CBF-A6F7-540738910478}.Release|Any CPU.ActiveCfg = Release|Any CPU
		{7287D3D3-70A6-4CBF-A6F7-540738910478}.Release|Any CPU.Build.0 = Release|Any CPU
		{7C99EDA9-614D-4535-BA19-EAC69446DF24}.Debug|Any CPU.ActiveCfg = Debug|Any CPU
		{7C99EDA9-614D-4535-BA19-EAC69446DF24}.Debug|Any CPU.Build.0 = Debug|Any CPU
		{7C99EDA9-614D-4535-BA19-EAC69446DF24}.Release|Any CPU.ActiveCfg = Release|Any CPU
		{7C99EDA9-614D-4535-BA19-EAC69446DF24}.Release|Any CPU.Build.0 = Release|Any CPU
	EndGlobalSection
	GlobalSection(SolutionProperties) = preSolution
		HideSolutionNode = FALSE
	EndGlobalSection
	GlobalSection(ExtensibilityGlobals) = postSolution
		SolutionGuid = {F39726CA-6B8E-4495-9297-E1DA06A31EE5}
	EndGlobalSection
EndGlobal
